
Microsoft Visual Studio Solution File, Format Version 12.00
# Visual Studio 2013
VisualStudioVersion = 12.0.30501.0
MinimumVisualStudioVersion = 10.0.40219.1
Project("{FAE04EC0-301F-11D3-BF4B-00C04F79EFBC}") = "Supeng.Common", "Supeng.Common\Supeng.Common.csproj", "{808C1F27-1D44-44B5-BDDA-3047AA98052A}"
EndProject
Project("{FAE04EC0-301F-11D3-BF4B-00C04F79EFBC}") = "Supeng.Common.Tests", "Supeng.Common.Tests\Supeng.Common.Tests.csproj", "{CD1D5895-1B0F-4FD4-9616-11B697953291}"
EndProject
Project("{FAE04EC0-301F-11D3-BF4B-00C04F79EFBC}") = "Supeng.Data.Sql", "Supeng.Data.Sql\Supeng.Data.Sql.csproj", "{9779D126-3BC9-4225-8BDB-FEEEBDACD7AF}"
EndProject
Project("{2150E333-8FDC-42A3-9474-1A3956D46DE8}") = "Tests", "Tests", "{880EA5FF-B4E0-42F3-8EA4-70D5DFBD9A91}"
EndProject
Project("{FAE04EC0-301F-11D3-BF4B-00C04F79EFBC}") = "Test.Common", "Test.Common\Test.Common.csproj", "{D49A4623-34FD-43A0-86DB-44104A6225A8}"
EndProject
Project("{FAE04EC0-301F-11D3-BF4B-00C04F79EFBC}") = "Supeng.Data.Sql.Tests", "Supeng.Data.Sql.Tests\Supeng.Data.Sql.Tests.csproj", "{F89F4E82-CD19-45E6-9D54-5B64DFBCAB66}"
EndProject
Project("{FAE04EC0-301F-11D3-BF4B-00C04F79EFBC}") = "TestInWindows", "TestInWindows\TestInWindows.csproj", "{90B126D5-0033-4049-AD39-FE4D2F70C55C}"
EndProject
Project("{FAE04EC0-301F-11D3-BF4B-00C04F79EFBC}") = "Supeng.Sports.Common", "Supeng.Sports.Common\Supeng.Sports.Common.csproj", "{7BE56DA6-993F-4BE3-881B-9D51AA4BC3D8}"
EndProject
Project("{FAE04EC0-301F-11D3-BF4B-00C04F79EFBC}") = "Supeng.Sports.Common.Tests", "Supeng.Sports.Common.Tests\Supeng.Sports.Common.Tests.csproj", "{A10B32EE-F64F-42D1-BF80-9F1341C16341}"
EndProject
Project("{FAE04EC0-301F-11D3-BF4B-00C04F79EFBC}") = "Supeng.Wpf.Common", "Supeng.Wpf.Common\Supeng.Wpf.Common.csproj", "{7369654A-D9EF-4A30-9B6C-FC46BA6590B6}"
EndProject
Project("{FAE04EC0-301F-11D3-BF4B-00C04F79EFBC}") = "Supeng.Wpf.Common.Tests", "Supeng.Wpf.Common.Tests\Supeng.Wpf.Common.Tests.csproj", "{3F476D06-2742-434D-BE0A-3473DDE86AB4}"
EndProject
Project("{FAE04EC0-301F-11D3-BF4B-00C04F79EFBC}") = "Supeng.Sports.Control", "Supeng.Sports.Control\Supeng.Sports.Control.csproj", "{F688E171-5923-482B-B48C-6270B3192EE4}"
EndProject
Project("{2150E333-8FDC-42A3-9474-1A3956D46DE8}") = "Sports", "Sports", "{30EFFC4A-919C-47D6-B51E-9272CA6F5EDF}"
EndProject
Project("{2150E333-8FDC-42A3-9474-1A3956D46DE8}") = "Sports", "Sports", "{B2F1FC2B-AB64-4EA6-A130-753EC8472513}"
EndProject
Project("{FAE04EC0-301F-11D3-BF4B-00C04F79EFBC}") = "Supeng.Sports.Control.Tests", "Supeng.Sports.Control.Tests\Supeng.Sports.Control.Tests.csproj", "{7F9A995D-7BDB-4610-B2F5-429046BB877B}"
EndProject
Project("{2150E333-8FDC-42A3-9474-1A3956D46DE8}") = "Silverlight", "Silverlight", "{9DFDDCF8-DE0A-421E-A101-C2484E68DCB6}"
EndProject
Project("{FAE04EC0-301F-11D3-BF4B-00C04F79EFBC}") = "Supeng.Silverlight.Common", "Supeng.Silverlight.Common\Supeng.Silverlight.Common.csproj", "{F41A52F6-0D9A-48D7-ADAA-7060283CA39A}"
EndProject
Project("{FAE04EC0-301F-11D3-BF4B-00C04F79EFBC}") = "Supeng.Data", "Supeng.Data\Supeng.Data.csproj", "{2861DAF5-BB1A-4FBA-A479-707B5C7ECF3E}"
EndProject
Project("{FAE04EC0-301F-11D3-BF4B-00C04F79EFBC}") = "Supeng.Data.Tests", "Supeng.Data.Tests\Supeng.Data.Tests.csproj", "{B2CD0340-278D-4A16-A7CC-31C54B48B86C}"
EndProject
Project("{2150E333-8FDC-42A3-9474-1A3956D46DE8}") = "Silverlight", "Silverlight", "{EFE2F1AD-AE63-42A3-946A-E46F11BEB929}"
EndProject
Project("{FAE04EC0-301F-11D3-BF4B-00C04F79EFBC}") = "Supeng.Silverlight.Views.Tests", "Supeng.Silverlight.Views.Tests\Supeng.Silverlight.Views.Tests.csproj", "{A7241FE4-1EDC-4A93-B372-A455583AD359}"
EndProject
Project("{2150E333-8FDC-42A3-9474-1A3956D46DE8}") = "Tools", "Tools", "{53A6BCB6-1792-4D49-A868-AD9E1B2497B2}"
EndProject
Project("{FAE04EC0-301F-11D3-BF4B-00C04F79EFBC}") = "SqlScriptGenerator", "SqlScriptGenerator\SqlScriptGenerator.csproj", "{DFAA57E7-58A7-492C-86F2-288265084D00}"
EndProject
Project("{FAE04EC0-301F-11D3-BF4B-00C04F79EFBC}") = "Supeng.Office", "Supeng.Office\Supeng.Office.csproj", "{79D38CFD-6078-417D-9CA8-81228910FE64}"
EndProject
Project("{FAE04EC0-301F-11D3-BF4B-00C04F79EFBC}") = "Supeng.Office.Tests", "Supeng.Office.Tests\Supeng.Office.Tests.csproj", "{53AC302B-4379-478C-B3E6-0CEE733B73BB}"
EndProject
Project("{2150E333-8FDC-42A3-9474-1A3956D46DE8}") = "Update", "Update", "{A2F29448-1617-4377-9A6C-1A435592947B}"
EndProject
Project("{FAE04EC0-301F-11D3-BF4B-00C04F79EFBC}") = "Supeng.Update.Tests", "Supeng.Update.Tests\Supeng.Update.Tests.csproj", "{E7598D94-DDBF-4E43-B4C3-911C61D43AAB}"
EndProject
Project("{FAE04EC0-301F-11D3-BF4B-00C04F79EFBC}") = "Supeng.Silverlight.Controls", "Supeng.Silverlight.Controls\Supeng.Silverlight.Controls.csproj", "{34296536-48A2-4F4A-8AA5-553DF8230DCA}"
EndProject
Project("{2150E333-8FDC-42A3-9474-1A3956D46DE8}") = "Windows", "Windows", "{C16A95C6-845D-4F5A-BB2C-D563A5DC2057}"
EndProject
Project("{FAE04EC0-301F-11D3-BF4B-00C04F79EFBC}") = "Supeng.Mail.Tests", "Supeng.Mail.Tests\Supeng.Mail.Tests.csproj", "{45516757-BDC5-4AC6-9AEC-B3ED602BECB3}"
EndProject
Project("{FAE04EC0-301F-11D3-BF4B-00C04F79EFBC}") = "Supeng.Email", "Supeng.Email\Supeng.Email.csproj", "{B724545B-EC72-470B-85EE-ADBC33D1A2A5}"
EndProject
Project("{FAE04EC0-301F-11D3-BF4B-00C04F79EFBC}") = "Update", "Update\Update.csproj", "{9C8A44D8-9563-4F84-B5E2-BE353AB46070}"
EndProject
Project("{FAE04EC0-301F-11D3-BF4B-00C04F79EFBC}") = "UpdateToolkit", "UpdateToolkit\UpdateToolkit.csproj", "{A7F19643-1FB9-4BE8-8F47-38C4AE77444C}"
EndProject
Project("{2150E333-8FDC-42A3-9474-1A3956D46DE8}") = "Weixin", "Weixin", "{51973A48-06F4-4988-AB1F-FFD472333D4C}"
EndProject
Project("{FAE04EC0-301F-11D3-BF4B-00C04F79EFBC}") = "Supeng.Weixin.Common", "Supeng.Weixin.Common\Supeng.Weixin.Common.csproj", "{C7615D6E-3404-4C78-A040-A7EB9901E7A3}"
EndProject
Project("{FAE04EC0-301F-11D3-BF4B-00C04F79EFBC}") = "Supeng.Http.Common", "Supeng.Http.Common\Supeng.Http.Common.csproj", "{7B8DF593-84E8-4490-9349-776AF240B2B1}"
EndProject
Project("{FAE04EC0-301F-11D3-BF4B-00C04F79EFBC}") = "Supeng.Http.Common.Test", "Supeng.Http.Common.Test\Supeng.Http.Common.Test.csproj", "{E723E42F-8FCE-46A3-9FFE-1E0BF3F6EA19}"
EndProject
Project("{FAE04EC0-301F-11D3-BF4B-00C04F79EFBC}") = "Supeng.Weixin.Test", "Supeng.Weixin.Test\Supeng.Weixin.Test.csproj", "{131D2E01-CB16-44F9-A932-AE2A7DD01EC4}"
EndProject
Project("{FAE04EC0-301F-11D3-BF4B-00C04F79EFBC}") = "Supeng.Common.MsTest", "Supeng.Common.MsTest\Supeng.Common.MsTest.csproj", "{4F61680B-0A2B-445F-A10C-EA719D6E338E}"
EndProject
Project("{FAE04EC0-301F-11D3-BF4B-00C04F79EFBC}") = "Supeng.Common.ConsoleTest", "Supeng.Common.ConsoleTest\Supeng.Common.ConsoleTest.csproj", "{734ED8B6-F2E0-4EEA-AF02-6C81E5F30A4E}"
EndProject
Global
	GlobalSection(SolutionConfigurationPlatforms) = preSolution
		Debug|Any CPU = Debug|Any CPU
		Hrc-Debug|Any CPU = Hrc-Debug|Any CPU
		Hrc-Release|Any CPU = Hrc-Release|Any CPU
		Hrp-Release|Any CPU = Hrp-Release|Any CPU
		Release|Any CPU = Release|Any CPU
	EndGlobalSection
	GlobalSection(ProjectConfigurationPlatforms) = postSolution
		{808C1F27-1D44-44B5-BDDA-3047AA98052A}.Debug|Any CPU.ActiveCfg = Debug|Any CPU
		{808C1F27-1D44-44B5-BDDA-3047AA98052A}.Debug|Any CPU.Build.0 = Debug|Any CPU
		{808C1F27-1D44-44B5-BDDA-3047AA98052A}.Hrc-Debug|Any CPU.ActiveCfg = Debug|Any CPU
		{808C1F27-1D44-44B5-BDDA-3047AA98052A}.Hrc-Debug|Any CPU.Build.0 = Debug|Any CPU
		{808C1F27-1D44-44B5-BDDA-3047AA98052A}.Hrc-Release|Any CPU.ActiveCfg = Release|Any CPU
		{808C1F27-1D44-44B5-BDDA-3047AA98052A}.Hrc-Release|Any CPU.Build.0 = Release|Any CPU
		{808C1F27-1D44-44B5-BDDA-3047AA98052A}.Hrp-Release|Any CPU.ActiveCfg = Release|Any CPU
		{808C1F27-1D44-44B5-BDDA-3047AA98052A}.Hrp-Release|Any CPU.Build.0 = Release|Any CPU
		{808C1F27-1D44-44B5-BDDA-3047AA98052A}.Release|Any CPU.ActiveCfg = Release|Any CPU
		{808C1F27-1D44-44B5-BDDA-3047AA98052A}.Release|Any CPU.Build.0 = Release|Any CPU
		{CD1D5895-1B0F-4FD4-9616-11B697953291}.Debug|Any CPU.ActiveCfg = Debug|Any CPU
		{CD1D5895-1B0F-4FD4-9616-11B697953291}.Debug|Any CPU.Build.0 = Debug|Any CPU
		{CD1D5895-1B0F-4FD4-9616-11B697953291}.Hrc-Debug|Any CPU.ActiveCfg = Debug|Any CPU
		{CD1D5895-1B0F-4FD4-9616-11B697953291}.Hrc-Debug|Any CPU.Build.0 = Debug|Any CPU
		{CD1D5895-1B0F-4FD4-9616-11B697953291}.Hrc-Release|Any CPU.ActiveCfg = Release|Any CPU
		{CD1D5895-1B0F-4FD4-9616-11B697953291}.Hrc-Release|Any CPU.Build.0 = Release|Any CPU
		{CD1D5895-1B0F-4FD4-9616-11B697953291}.Hrp-Release|Any CPU.ActiveCfg = Release|Any CPU
		{CD1D5895-1B0F-4FD4-9616-11B697953291}.Hrp-Release|Any CPU.Build.0 = Release|Any CPU
		{CD1D5895-1B0F-4FD4-9616-11B697953291}.Release|Any CPU.ActiveCfg = Release|Any CPU
		{CD1D5895-1B0F-4FD4-9616-11B697953291}.Release|Any CPU.Build.0 = Release|Any CPU
		{9779D126-3BC9-4225-8BDB-FEEEBDACD7AF}.Debug|Any CPU.ActiveCfg = Debug|Any CPU
		{9779D126-3BC9-4225-8BDB-FEEEBDACD7AF}.Debug|Any CPU.Build.0 = Debug|Any CPU
		{9779D126-3BC9-4225-8BDB-FEEEBDACD7AF}.Hrc-Debug|Any CPU.ActiveCfg = Debug|Any CPU
		{9779D126-3BC9-4225-8BDB-FEEEBDACD7AF}.Hrc-Debug|Any CPU.Build.0 = Debug|Any CPU
		{9779D126-3BC9-4225-8BDB-FEEEBDACD7AF}.Hrc-Release|Any CPU.ActiveCfg = Release|Any CPU
		{9779D126-3BC9-4225-8BDB-FEEEBDACD7AF}.Hrc-Release|Any CPU.Build.0 = Release|Any CPU
		{9779D126-3BC9-4225-8BDB-FEEEBDACD7AF}.Hrp-Release|Any CPU.ActiveCfg = Release|Any CPU
		{9779D126-3BC9-4225-8BDB-FEEEBDACD7AF}.Hrp-Release|Any CPU.Build.0 = Release|Any CPU
		{9779D126-3BC9-4225-8BDB-FEEEBDACD7AF}.Release|Any CPU.ActiveCfg = Release|Any CPU
		{9779D126-3BC9-4225-8BDB-FEEEBDACD7AF}.Release|Any CPU.Build.0 = Release|Any CPU
		{D49A4623-34FD-43A0-86DB-44104A6225A8}.Debug|Any CPU.ActiveCfg = Debug|Any CPU
		{D49A4623-34FD-43A0-86DB-44104A6225A8}.Debug|Any CPU.Build.0 = Debug|Any CPU
		{D49A4623-34FD-43A0-86DB-44104A6225A8}.Hrc-Debug|Any CPU.ActiveCfg = Debug|Any CPU
		{D49A4623-34FD-43A0-86DB-44104A6225A8}.Hrc-Debug|Any CPU.Build.0 = Debug|Any CPU
		{D49A4623-34FD-43A0-86DB-44104A6225A8}.Hrc-Release|Any CPU.ActiveCfg = Release|Any CPU
		{D49A4623-34FD-43A0-86DB-44104A6225A8}.Hrc-Release|Any CPU.Build.0 = Release|Any CPU
		{D49A4623-34FD-43A0-86DB-44104A6225A8}.Hrp-Release|Any CPU.ActiveCfg = Release|Any CPU
		{D49A4623-34FD-43A0-86DB-44104A6225A8}.Hrp-Release|Any CPU.Build.0 = Release|Any CPU
		{D49A4623-34FD-43A0-86DB-44104A6225A8}.Release|Any CPU.ActiveCfg = Release|Any CPU
		{D49A4623-34FD-43A0-86DB-44104A6225A8}.Release|Any CPU.Build.0 = Release|Any CPU
		{F89F4E82-CD19-45E6-9D54-5B64DFBCAB66}.Debug|Any CPU.ActiveCfg = Debug|Any CPU
		{F89F4E82-CD19-45E6-9D54-5B64DFBCAB66}.Debug|Any CPU.Build.0 = Debug|Any CPU
		{F89F4E82-CD19-45E6-9D54-5B64DFBCAB66}.Hrc-Debug|Any CPU.ActiveCfg = Debug|Any CPU
		{F89F4E82-CD19-45E6-9D54-5B64DFBCAB66}.Hrc-Debug|Any CPU.Build.0 = Debug|Any CPU
		{F89F4E82-CD19-45E6-9D54-5B64DFBCAB66}.Hrc-Release|Any CPU.ActiveCfg = Release|Any CPU
		{F89F4E82-CD19-45E6-9D54-5B64DFBCAB66}.Hrc-Release|Any CPU.Build.0 = Release|Any CPU
		{F89F4E82-CD19-45E6-9D54-5B64DFBCAB66}.Hrp-Release|Any CPU.ActiveCfg = Release|Any CPU
		{F89F4E82-CD19-45E6-9D54-5B64DFBCAB66}.Hrp-Release|Any CPU.Build.0 = Release|Any CPU
		{F89F4E82-CD19-45E6-9D54-5B64DFBCAB66}.Release|Any CPU.ActiveCfg = Release|Any CPU
		{F89F4E82-CD19-45E6-9D54-5B64DFBCAB66}.Release|Any CPU.Build.0 = Release|Any CPU
		{90B126D5-0033-4049-AD39-FE4D2F70C55C}.Debug|Any CPU.ActiveCfg = Debug|Any CPU
		{90B126D5-0033-4049-AD39-FE4D2F70C55C}.Debug|Any CPU.Build.0 = Debug|Any CPU
		{90B126D5-0033-4049-AD39-FE4D2F70C55C}.Hrc-Debug|Any CPU.ActiveCfg = Debug|Any CPU
		{90B126D5-0033-4049-AD39-FE4D2F70C55C}.Hrc-Debug|Any CPU.Build.0 = Debug|Any CPU
		{90B126D5-0033-4049-AD39-FE4D2F70C55C}.Hrc-Release|Any CPU.ActiveCfg = Release|Any CPU
		{90B126D5-0033-4049-AD39-FE4D2F70C55C}.Hrc-Release|Any CPU.Build.0 = Release|Any CPU
		{90B126D5-0033-4049-AD39-FE4D2F70C55C}.Hrp-Release|Any CPU.ActiveCfg = Release|Any CPU
		{90B126D5-0033-4049-AD39-FE4D2F70C55C}.Hrp-Release|Any CPU.Build.0 = Release|Any CPU
		{90B126D5-0033-4049-AD39-FE4D2F70C55C}.Release|Any CPU.ActiveCfg = Release|Any CPU
		{90B126D5-0033-4049-AD39-FE4D2F70C55C}.Release|Any CPU.Build.0 = Release|Any CPU
		{7BE56DA6-993F-4BE3-881B-9D51AA4BC3D8}.Debug|Any CPU.ActiveCfg = Debug|Any CPU
		{7BE56DA6-993F-4BE3-881B-9D51AA4BC3D8}.Debug|Any CPU.Build.0 = Debug|Any CPU
		{7BE56DA6-993F-4BE3-881B-9D51AA4BC3D8}.Hrc-Debug|Any CPU.ActiveCfg = Debug|Any CPU
		{7BE56DA6-993F-4BE3-881B-9D51AA4BC3D8}.Hrc-Debug|Any CPU.Build.0 = Debug|Any CPU
		{7BE56DA6-993F-4BE3-881B-9D51AA4BC3D8}.Hrc-Release|Any CPU.ActiveCfg = Release|Any CPU
		{7BE56DA6-993F-4BE3-881B-9D51AA4BC3D8}.Hrc-Release|Any CPU.Build.0 = Release|Any CPU
		{7BE56DA6-993F-4BE3-881B-9D51AA4BC3D8}.Hrp-Release|Any CPU.ActiveCfg = Release|Any CPU
		{7BE56DA6-993F-4BE3-881B-9D51AA4BC3D8}.Hrp-Release|Any CPU.Build.0 = Release|Any CPU
		{7BE56DA6-993F-4BE3-881B-9D51AA4BC3D8}.Release|Any CPU.ActiveCfg = Release|Any CPU
		{7BE56DA6-993F-4BE3-881B-9D51AA4BC3D8}.Release|Any CPU.Build.0 = Release|Any CPU
		{A10B32EE-F64F-42D1-BF80-9F1341C16341}.Debug|Any CPU.ActiveCfg = Debug|Any CPU
		{A10B32EE-F64F-42D1-BF80-9F1341C16341}.Debug|Any CPU.Build.0 = Debug|Any CPU
		{A10B32EE-F64F-42D1-BF80-9F1341C16341}.Hrc-Debug|Any CPU.ActiveCfg = Debug|Any CPU
		{A10B32EE-F64F-42D1-BF80-9F1341C16341}.Hrc-Debug|Any CPU.Build.0 = Debug|Any CPU
		{A10B32EE-F64F-42D1-BF80-9F1341C16341}.Hrc-Release|Any CPU.ActiveCfg = Release|Any CPU
		{A10B32EE-F64F-42D1-BF80-9F1341C16341}.Hrc-Release|Any CPU.Build.0 = Release|Any CPU
		{A10B32EE-F64F-42D1-BF80-9F1341C16341}.Hrp-Release|Any CPU.ActiveCfg = Release|Any CPU
		{A10B32EE-F64F-42D1-BF80-9F1341C16341}.Hrp-Release|Any CPU.Build.0 = Release|Any CPU
		{A10B32EE-F64F-42D1-BF80-9F1341C16341}.Release|Any CPU.ActiveCfg = Release|Any CPU
		{A10B32EE-F64F-42D1-BF80-9F1341C16341}.Release|Any CPU.Build.0 = Release|Any CPU
		{7369654A-D9EF-4A30-9B6C-FC46BA6590B6}.Debug|Any CPU.ActiveCfg = Debug|Any CPU
		{7369654A-D9EF-4A30-9B6C-FC46BA6590B6}.Debug|Any CPU.Build.0 = Debug|Any CPU
		{7369654A-D9EF-4A30-9B6C-FC46BA6590B6}.Hrc-Debug|Any CPU.ActiveCfg = Debug|Any CPU
		{7369654A-D9EF-4A30-9B6C-FC46BA6590B6}.Hrc-Debug|Any CPU.Build.0 = Debug|Any CPU
		{7369654A-D9EF-4A30-9B6C-FC46BA6590B6}.Hrc-Release|Any CPU.ActiveCfg = Release|Any CPU
		{7369654A-D9EF-4A30-9B6C-FC46BA6590B6}.Hrc-Release|Any CPU.Build.0 = Release|Any CPU
		{7369654A-D9EF-4A30-9B6C-FC46BA6590B6}.Hrp-Release|Any CPU.ActiveCfg = Release|Any CPU
		{7369654A-D9EF-4A30-9B6C-FC46BA6590B6}.Hrp-Release|Any CPU.Build.0 = Release|Any CPU
		{7369654A-D9EF-4A30-9B6C-FC46BA6590B6}.Release|Any CPU.ActiveCfg = Release|Any CPU
		{7369654A-D9EF-4A30-9B6C-FC46BA6590B6}.Release|Any CPU.Build.0 = Release|Any CPU
		{3F476D06-2742-434D-BE0A-3473DDE86AB4}.Debug|Any CPU.ActiveCfg = Debug|Any CPU
		{3F476D06-2742-434D-BE0A-3473DDE86AB4}.Debug|Any CPU.Build.0 = Debug|Any CPU
		{3F476D06-2742-434D-BE0A-3473DDE86AB4}.Hrc-Debug|Any CPU.ActiveCfg = Debug|Any CPU
		{3F476D06-2742-434D-BE0A-3473DDE86AB4}.Hrc-Debug|Any CPU.Build.0 = Debug|Any CPU
		{3F476D06-2742-434D-BE0A-3473DDE86AB4}.Hrc-Release|Any CPU.ActiveCfg = Release|Any CPU
		{3F476D06-2742-434D-BE0A-3473DDE86AB4}.Hrc-Release|Any CPU.Build.0 = Release|Any CPU
		{3F476D06-2742-434D-BE0A-3473DDE86AB4}.Hrp-Release|Any CPU.ActiveCfg = Release|Any CPU
		{3F476D06-2742-434D-BE0A-3473DDE86AB4}.Hrp-Release|Any CPU.Build.0 = Release|Any CPU
		{3F476D06-2742-434D-BE0A-3473DDE86AB4}.Release|Any CPU.ActiveCfg = Release|Any CPU
		{3F476D06-2742-434D-BE0A-3473DDE86AB4}.Release|Any CPU.Build.0 = Release|Any CPU
		{F688E171-5923-482B-B48C-6270B3192EE4}.Debug|Any CPU.ActiveCfg = Debug|Any CPU
		{F688E171-5923-482B-B48C-6270B3192EE4}.Debug|Any CPU.Build.0 = Debug|Any CPU
		{F688E171-5923-482B-B48C-6270B3192EE4}.Hrc-Debug|Any CPU.ActiveCfg = Debug|Any CPU
		{F688E171-5923-482B-B48C-6270B3192EE4}.Hrc-Debug|Any CPU.Build.0 = Debug|Any CPU
		{F688E171-5923-482B-B48C-6270B3192EE4}.Hrc-Release|Any CPU.ActiveCfg = Release|Any CPU
		{F688E171-5923-482B-B48C-6270B3192EE4}.Hrc-Release|Any CPU.Build.0 = Release|Any CPU
		{F688E171-5923-482B-B48C-6270B3192EE4}.Hrp-Release|Any CPU.ActiveCfg = Release|Any CPU
		{F688E171-5923-482B-B48C-6270B3192EE4}.Hrp-Release|Any CPU.Build.0 = Release|Any CPU
		{F688E171-5923-482B-B48C-6270B3192EE4}.Release|Any CPU.ActiveCfg = Release|Any CPU
		{F688E171-5923-482B-B48C-6270B3192EE4}.Release|Any CPU.Build.0 = Release|Any CPU
		{7F9A995D-7BDB-4610-B2F5-429046BB877B}.Debug|Any CPU.ActiveCfg = Debug|Any CPU
		{7F9A995D-7BDB-4610-B2F5-429046BB877B}.Debug|Any CPU.Build.0 = Debug|Any CPU
		{7F9A995D-7BDB-4610-B2F5-429046BB877B}.Hrc-Debug|Any CPU.ActiveCfg = Debug|Any CPU
		{7F9A995D-7BDB-4610-B2F5-429046BB877B}.Hrc-Debug|Any CPU.Build.0 = Debug|Any CPU
		{7F9A995D-7BDB-4610-B2F5-429046BB877B}.Hrc-Release|Any CPU.ActiveCfg = Release|Any CPU
		{7F9A995D-7BDB-4610-B2F5-429046BB877B}.Hrc-Release|Any CPU.Build.0 = Release|Any CPU
		{7F9A995D-7BDB-4610-B2F5-429046BB877B}.Hrp-Release|Any CPU.ActiveCfg = Release|Any CPU
		{7F9A995D-7BDB-4610-B2F5-429046BB877B}.Hrp-Release|Any CPU.Build.0 = Release|Any CPU
		{7F9A995D-7BDB-4610-B2F5-429046BB877B}.Release|Any CPU.ActiveCfg = Release|Any CPU
		{7F9A995D-7BDB-4610-B2F5-429046BB877B}.Release|Any CPU.Build.0 = Release|Any CPU
		{F41A52F6-0D9A-48D7-ADAA-7060283CA39A}.Debug|Any CPU.ActiveCfg = Debug|Any CPU
		{F41A52F6-0D9A-48D7-ADAA-7060283CA39A}.Debug|Any CPU.Build.0 = Debug|Any CPU
		{F41A52F6-0D9A-48D7-ADAA-7060283CA39A}.Hrc-Debug|Any CPU.ActiveCfg = Debug|Any CPU
		{F41A52F6-0D9A-48D7-ADAA-7060283CA39A}.Hrc-Debug|Any CPU.Build.0 = Debug|Any CPU
		{F41A52F6-0D9A-48D7-ADAA-7060283CA39A}.Hrc-Release|Any CPU.ActiveCfg = Release|Any CPU
		{F41A52F6-0D9A-48D7-ADAA-7060283CA39A}.Hrc-Release|Any CPU.Build.0 = Release|Any CPU
		{F41A52F6-0D9A-48D7-ADAA-7060283CA39A}.Hrp-Release|Any CPU.ActiveCfg = Release|Any CPU
		{F41A52F6-0D9A-48D7-ADAA-7060283CA39A}.Hrp-Release|Any CPU.Build.0 = Release|Any CPU
		{F41A52F6-0D9A-48D7-ADAA-7060283CA39A}.Release|Any CPU.ActiveCfg = Release|Any CPU
		{F41A52F6-0D9A-48D7-ADAA-7060283CA39A}.Release|Any CPU.Build.0 = Release|Any CPU
		{2861DAF5-BB1A-4FBA-A479-707B5C7ECF3E}.Debug|Any CPU.ActiveCfg = Debug|Any CPU
		{2861DAF5-BB1A-4FBA-A479-707B5C7ECF3E}.Debug|Any CPU.Build.0 = Debug|Any CPU
		{2861DAF5-BB1A-4FBA-A479-707B5C7ECF3E}.Hrc-Debug|Any CPU.ActiveCfg = Debug|Any CPU
		{2861DAF5-BB1A-4FBA-A479-707B5C7ECF3E}.Hrc-Debug|Any CPU.Build.0 = Debug|Any CPU
		{2861DAF5-BB1A-4FBA-A479-707B5C7ECF3E}.Hrc-Release|Any CPU.ActiveCfg = Release|Any CPU
		{2861DAF5-BB1A-4FBA-A479-707B5C7ECF3E}.Hrc-Release|Any CPU.Build.0 = Release|Any CPU
		{2861DAF5-BB1A-4FBA-A479-707B5C7ECF3E}.Hrp-Release|Any CPU.ActiveCfg = Release|Any CPU
		{2861DAF5-BB1A-4FBA-A479-707B5C7ECF3E}.Hrp-Release|Any CPU.Build.0 = Release|Any CPU
		{2861DAF5-BB1A-4FBA-A479-707B5C7ECF3E}.Release|Any CPU.ActiveCfg = Release|Any CPU
		{2861DAF5-BB1A-4FBA-A479-707B5C7ECF3E}.Release|Any CPU.Build.0 = Release|Any CPU
		{B2CD0340-278D-4A16-A7CC-31C54B48B86C}.Debug|Any CPU.ActiveCfg = Debug|Any CPU
		{B2CD0340-278D-4A16-A7CC-31C54B48B86C}.Debug|Any CPU.Build.0 = Debug|Any CPU
		{B2CD0340-278D-4A16-A7CC-31C54B48B86C}.Hrc-Debug|Any CPU.ActiveCfg = Debug|Any CPU
		{B2CD0340-278D-4A16-A7CC-31C54B48B86C}.Hrc-Debug|Any CPU.Build.0 = Debug|Any CPU
		{B2CD0340-278D-4A16-A7CC-31C54B48B86C}.Hrc-Release|Any CPU.ActiveCfg = Release|Any CPU
		{B2CD0340-278D-4A16-A7CC-31C54B48B86C}.Hrc-Release|Any CPU.Build.0 = Release|Any CPU
		{B2CD0340-278D-4A16-A7CC-31C54B48B86C}.Hrp-Release|Any CPU.ActiveCfg = Release|Any CPU
		{B2CD0340-278D-4A16-A7CC-31C54B48B86C}.Hrp-Release|Any CPU.Build.0 = Release|Any CPU
		{B2CD0340-278D-4A16-A7CC-31C54B48B86C}.Release|Any CPU.ActiveCfg = Release|Any CPU
		{B2CD0340-278D-4A16-A7CC-31C54B48B86C}.Release|Any CPU.Build.0 = Release|Any CPU
		{A7241FE4-1EDC-4A93-B372-A455583AD359}.Debug|Any CPU.ActiveCfg = Debug|Any CPU
		{A7241FE4-1EDC-4A93-B372-A455583AD359}.Debug|Any CPU.Build.0 = Debug|Any CPU
		{A7241FE4-1EDC-4A93-B372-A455583AD359}.Hrc-Debug|Any CPU.ActiveCfg = Debug|Any CPU
		{A7241FE4-1EDC-4A93-B372-A455583AD359}.Hrc-Debug|Any CPU.Build.0 = Debug|Any CPU
		{A7241FE4-1EDC-4A93-B372-A455583AD359}.Hrc-Release|Any CPU.ActiveCfg = Release|Any CPU
		{A7241FE4-1EDC-4A93-B372-A455583AD359}.Hrc-Release|Any CPU.Build.0 = Release|Any CPU
		{A7241FE4-1EDC-4A93-B372-A455583AD359}.Hrp-Release|Any CPU.ActiveCfg = Release|Any CPU
		{A7241FE4-1EDC-4A93-B372-A455583AD359}.Hrp-Release|Any CPU.Build.0 = Release|Any CPU
		{A7241FE4-1EDC-4A93-B372-A455583AD359}.Release|Any CPU.ActiveCfg = Release|Any CPU
		{A7241FE4-1EDC-4A93-B372-A455583AD359}.Release|Any CPU.Build.0 = Release|Any CPU
		{DFAA57E7-58A7-492C-86F2-288265084D00}.Debug|Any CPU.ActiveCfg = Debug|Any CPU
		{DFAA57E7-58A7-492C-86F2-288265084D00}.Debug|Any CPU.Build.0 = Debug|Any CPU
		{DFAA57E7-58A7-492C-86F2-288265084D00}.Hrc-Debug|Any CPU.ActiveCfg = Debug|Any CPU
		{DFAA57E7-58A7-492C-86F2-288265084D00}.Hrc-Debug|Any CPU.Build.0 = Debug|Any CPU
		{DFAA57E7-58A7-492C-86F2-288265084D00}.Hrc-Release|Any CPU.ActiveCfg = Release|Any CPU
		{DFAA57E7-58A7-492C-86F2-288265084D00}.Hrc-Release|Any CPU.Build.0 = Release|Any CPU
		{DFAA57E7-58A7-492C-86F2-288265084D00}.Hrp-Release|Any CPU.ActiveCfg = Release|Any CPU
		{DFAA57E7-58A7-492C-86F2-288265084D00}.Hrp-Release|Any CPU.Build.0 = Release|Any CPU
		{DFAA57E7-58A7-492C-86F2-288265084D00}.Release|Any CPU.ActiveCfg = Release|Any CPU
		{DFAA57E7-58A7-492C-86F2-288265084D00}.Release|Any CPU.Build.0 = Release|Any CPU
		{79D38CFD-6078-417D-9CA8-81228910FE64}.Debug|Any CPU.ActiveCfg = Debug|Any CPU
		{79D38CFD-6078-417D-9CA8-81228910FE64}.Debug|Any CPU.Build.0 = Debug|Any CPU
		{79D38CFD-6078-417D-9CA8-81228910FE64}.Hrc-Debug|Any CPU.ActiveCfg = Debug|Any CPU
		{79D38CFD-6078-417D-9CA8-81228910FE64}.Hrc-Debug|Any CPU.Build.0 = Debug|Any CPU
		{79D38CFD-6078-417D-9CA8-81228910FE64}.Hrc-Release|Any CPU.ActiveCfg = Release|Any CPU
		{79D38CFD-6078-417D-9CA8-81228910FE64}.Hrc-Release|Any CPU.Build.0 = Release|Any CPU
		{79D38CFD-6078-417D-9CA8-81228910FE64}.Hrp-Release|Any CPU.ActiveCfg = Release|Any CPU
		{79D38CFD-6078-417D-9CA8-81228910FE64}.Hrp-Release|Any CPU.Build.0 = Release|Any CPU
		{79D38CFD-6078-417D-9CA8-81228910FE64}.Release|Any CPU.ActiveCfg = Release|Any CPU
		{79D38CFD-6078-417D-9CA8-81228910FE64}.Release|Any CPU.Build.0 = Release|Any CPU
		{53AC302B-4379-478C-B3E6-0CEE733B73BB}.Debug|Any CPU.ActiveCfg = Debug|Any CPU
		{53AC302B-4379-478C-B3E6-0CEE733B73BB}.Debug|Any CPU.Build.0 = Debug|Any CPU
		{53AC302B-4379-478C-B3E6-0CEE733B73BB}.Hrc-Debug|Any CPU.ActiveCfg = Debug|Any CPU
		{53AC302B-4379-478C-B3E6-0CEE733B73BB}.Hrc-Debug|Any CPU.Build.0 = Debug|Any CPU
		{53AC302B-4379-478C-B3E6-0CEE733B73BB}.Hrc-Release|Any CPU.ActiveCfg = Release|Any CPU
		{53AC302B-4379-478C-B3E6-0CEE733B73BB}.Hrc-Release|Any CPU.Build.0 = Release|Any CPU
		{53AC302B-4379-478C-B3E6-0CEE733B73BB}.Hrp-Release|Any CPU.ActiveCfg = Release|Any CPU
		{53AC302B-4379-478C-B3E6-0CEE733B73BB}.Hrp-Release|Any CPU.Build.0 = Release|Any CPU
		{53AC302B-4379-478C-B3E6-0CEE733B73BB}.Release|Any CPU.ActiveCfg = Release|Any CPU
		{53AC302B-4379-478C-B3E6-0CEE733B73BB}.Release|Any CPU.Build.0 = Release|Any CPU
		{E7598D94-DDBF-4E43-B4C3-911C61D43AAB}.Debug|Any CPU.ActiveCfg = Debug|Any CPU
		{E7598D94-DDBF-4E43-B4C3-911C61D43AAB}.Debug|Any CPU.Build.0 = Debug|Any CPU
		{E7598D94-DDBF-4E43-B4C3-911C61D43AAB}.Hrc-Debug|Any CPU.ActiveCfg = Debug|Any CPU
		{E7598D94-DDBF-4E43-B4C3-911C61D43AAB}.Hrc-Debug|Any CPU.Build.0 = Debug|Any CPU
		{E7598D94-DDBF-4E43-B4C3-911C61D43AAB}.Hrc-Release|Any CPU.ActiveCfg = Release|Any CPU
		{E7598D94-DDBF-4E43-B4C3-911C61D43AAB}.Hrc-Release|Any CPU.Build.0 = Release|Any CPU
		{E7598D94-DDBF-4E43-B4C3-911C61D43AAB}.Hrp-Release|Any CPU.ActiveCfg = Release|Any CPU
		{E7598D94-DDBF-4E43-B4C3-911C61D43AAB}.Hrp-Release|Any CPU.Build.0 = Release|Any CPU
		{E7598D94-DDBF-4E43-B4C3-911C61D43AAB}.Release|Any CPU.ActiveCfg = Release|Any CPU
		{E7598D94-DDBF-4E43-B4C3-911C61D43AAB}.Release|Any CPU.Build.0 = Release|Any CPU
		{34296536-48A2-4F4A-8AA5-553DF8230DCA}.Debug|Any CPU.ActiveCfg = Debug|Any CPU
		{34296536-48A2-4F4A-8AA5-553DF8230DCA}.Debug|Any CPU.Build.0 = Debug|Any CPU
		{34296536-48A2-4F4A-8AA5-553DF8230DCA}.Hrc-Debug|Any CPU.ActiveCfg = Debug|Any CPU
		{34296536-48A2-4F4A-8AA5-553DF8230DCA}.Hrc-Debug|Any CPU.Build.0 = Debug|Any CPU
		{34296536-48A2-4F4A-8AA5-553DF8230DCA}.Hrc-Release|Any CPU.ActiveCfg = Release|Any CPU
		{34296536-48A2-4F4A-8AA5-553DF8230DCA}.Hrc-Release|Any CPU.Build.0 = Release|Any CPU
		{34296536-48A2-4F4A-8AA5-553DF8230DCA}.Hrp-Release|Any CPU.ActiveCfg = Release|Any CPU
		{34296536-48A2-4F4A-8AA5-553DF8230DCA}.Hrp-Release|Any CPU.Build.0 = Release|Any CPU
		{34296536-48A2-4F4A-8AA5-553DF8230DCA}.Release|Any CPU.ActiveCfg = Release|Any CPU
		{34296536-48A2-4F4A-8AA5-553DF8230DCA}.Release|Any CPU.Build.0 = Release|Any CPU
		{45516757-BDC5-4AC6-9AEC-B3ED602BECB3}.Debug|Any CPU.ActiveCfg = Debug|Any CPU
		{45516757-BDC5-4AC6-9AEC-B3ED602BECB3}.Debug|Any CPU.Build.0 = Debug|Any CPU
		{45516757-BDC5-4AC6-9AEC-B3ED602BECB3}.Hrc-Debug|Any CPU.ActiveCfg = Debug|Any CPU
		{45516757-BDC5-4AC6-9AEC-B3ED602BECB3}.Hrc-Debug|Any CPU.Build.0 = Debug|Any CPU
		{45516757-BDC5-4AC6-9AEC-B3ED602BECB3}.Hrc-Release|Any CPU.ActiveCfg = Release|Any CPU
		{45516757-BDC5-4AC6-9AEC-B3ED602BECB3}.Hrc-Release|Any CPU.Build.0 = Release|Any CPU
		{45516757-BDC5-4AC6-9AEC-B3ED602BECB3}.Hrp-Release|Any CPU.ActiveCfg = Release|Any CPU
		{45516757-BDC5-4AC6-9AEC-B3ED602BECB3}.Hrp-Release|Any CPU.Build.0 = Release|Any CPU
		{45516757-BDC5-4AC6-9AEC-B3ED602BECB3}.Release|Any CPU.ActiveCfg = Release|Any CPU
		{45516757-BDC5-4AC6-9AEC-B3ED602BECB3}.Release|Any CPU.Build.0 = Release|Any CPU
		{B724545B-EC72-470B-85EE-ADBC33D1A2A5}.Debug|Any CPU.ActiveCfg = Debug|Any CPU
		{B724545B-EC72-470B-85EE-ADBC33D1A2A5}.Debug|Any CPU.Build.0 = Debug|Any CPU
		{B724545B-EC72-470B-85EE-ADBC33D1A2A5}.Hrc-Debug|Any CPU.ActiveCfg = Debug|Any CPU
		{B724545B-EC72-470B-85EE-ADBC33D1A2A5}.Hrc-Debug|Any CPU.Build.0 = Debug|Any CPU
		{B724545B-EC72-470B-85EE-ADBC33D1A2A5}.Hrc-Release|Any CPU.ActiveCfg = Release|Any CPU
		{B724545B-EC72-470B-85EE-ADBC33D1A2A5}.Hrc-Release|Any CPU.Build.0 = Release|Any CPU
		{B724545B-EC72-470B-85EE-ADBC33D1A2A5}.Hrp-Release|Any CPU.ActiveCfg = Release|Any CPU
		{B724545B-EC72-470B-85EE-ADBC33D1A2A5}.Hrp-Release|Any CPU.Build.0 = Release|Any CPU
		{B724545B-EC72-470B-85EE-ADBC33D1A2A5}.Release|Any CPU.ActiveCfg = Release|Any CPU
		{B724545B-EC72-470B-85EE-ADBC33D1A2A5}.Release|Any CPU.Build.0 = Release|Any CPU
		{9C8A44D8-9563-4F84-B5E2-BE353AB46070}.Debug|Any CPU.ActiveCfg = Debug|Any CPU
		{9C8A44D8-9563-4F84-B5E2-BE353AB46070}.Debug|Any CPU.Build.0 = Debug|Any CPU
		{9C8A44D8-9563-4F84-B5E2-BE353AB46070}.Hrc-Debug|Any CPU.ActiveCfg = Hrc-Debug|Any CPU
		{9C8A44D8-9563-4F84-B5E2-BE353AB46070}.Hrc-Debug|Any CPU.Build.0 = Hrc-Debug|Any CPU
		{9C8A44D8-9563-4F84-B5E2-BE353AB46070}.Hrc-Release|Any CPU.ActiveCfg = Hrc-Release|Any CPU
		{9C8A44D8-9563-4F84-B5E2-BE353AB46070}.Hrc-Release|Any CPU.Build.0 = Hrc-Release|Any CPU
		{9C8A44D8-9563-4F84-B5E2-BE353AB46070}.Hrp-Release|Any CPU.ActiveCfg = Hrp-Release|Any CPU
		{9C8A44D8-9563-4F84-B5E2-BE353AB46070}.Hrp-Release|Any CPU.Build.0 = Hrp-Release|Any CPU
		{9C8A44D8-9563-4F84-B5E2-BE353AB46070}.Release|Any CPU.ActiveCfg = Release|Any CPU
		{9C8A44D8-9563-4F84-B5E2-BE353AB46070}.Release|Any CPU.Build.0 = Release|Any CPU
		{A7F19643-1FB9-4BE8-8F47-38C4AE77444C}.Debug|Any CPU.ActiveCfg = Debug|Any CPU
		{A7F19643-1FB9-4BE8-8F47-38C4AE77444C}.Debug|Any CPU.Build.0 = Debug|Any CPU
		{A7F19643-1FB9-4BE8-8F47-38C4AE77444C}.Hrc-Debug|Any CPU.ActiveCfg = Debug|Any CPU
		{A7F19643-1FB9-4BE8-8F47-38C4AE77444C}.Hrc-Debug|Any CPU.Build.0 = Debug|Any CPU
		{A7F19643-1FB9-4BE8-8F47-38C4AE77444C}.Hrc-Release|Any CPU.ActiveCfg = Release|Any CPU
		{A7F19643-1FB9-4BE8-8F47-38C4AE77444C}.Hrc-Release|Any CPU.Build.0 = Release|Any CPU
		{A7F19643-1FB9-4BE8-8F47-38C4AE77444C}.Hrp-Release|Any CPU.ActiveCfg = Release|Any CPU
		{A7F19643-1FB9-4BE8-8F47-38C4AE77444C}.Hrp-Release|Any CPU.Build.0 = Release|Any CPU
		{A7F19643-1FB9-4BE8-8F47-38C4AE77444C}.Release|Any CPU.ActiveCfg = Release|Any CPU
		{A7F19643-1FB9-4BE8-8F47-38C4AE77444C}.Release|Any CPU.Build.0 = Release|Any CPU
		{C7615D6E-3404-4C78-A040-A7EB9901E7A3}.Debug|Any CPU.ActiveCfg = Debug|Any CPU
		{C7615D6E-3404-4C78-A040-A7EB9901E7A3}.Debug|Any CPU.Build.0 = Debug|Any CPU
		{C7615D6E-3404-4C78-A040-A7EB9901E7A3}.Hrc-Debug|Any CPU.ActiveCfg = Debug|Any CPU
		{C7615D6E-3404-4C78-A040-A7EB9901E7A3}.Hrc-Debug|Any CPU.Build.0 = Debug|Any CPU
		{C7615D6E-3404-4C78-A040-A7EB9901E7A3}.Hrc-Release|Any CPU.ActiveCfg = Release|Any CPU
		{C7615D6E-3404-4C78-A040-A7EB9901E7A3}.Hrc-Release|Any CPU.Build.0 = Release|Any CPU
		{C7615D6E-3404-4C78-A040-A7EB9901E7A3}.Hrp-Release|Any CPU.ActiveCfg = Release|Any CPU
		{C7615D6E-3404-4C78-A040-A7EB9901E7A3}.Hrp-Release|Any CPU.Build.0 = Release|Any CPU
		{C7615D6E-3404-4C78-A040-A7EB9901E7A3}.Release|Any CPU.ActiveCfg = Release|Any CPU
		{C7615D6E-3404-4C78-A040-A7EB9901E7A3}.Release|Any CPU.Build.0 = Release|Any CPU
		{7B8DF593-84E8-4490-9349-776AF240B2B1}.Debug|Any CPU.ActiveCfg = Debug|Any CPU
		{7B8DF593-84E8-4490-9349-776AF240B2B1}.Debug|Any CPU.Build.0 = Debug|Any CPU
		{7B8DF593-84E8-4490-9349-776AF240B2B1}.Hrc-Debug|Any CPU.ActiveCfg = Debug|Any CPU
		{7B8DF593-84E8-4490-9349-776AF240B2B1}.Hrc-Debug|Any CPU.Build.0 = Debug|Any CPU
		{7B8DF593-84E8-4490-9349-776AF240B2B1}.Hrc-Release|Any CPU.ActiveCfg = Release|Any CPU
		{7B8DF593-84E8-4490-9349-776AF240B2B1}.Hrc-Release|Any CPU.Build.0 = Release|Any CPU
		{7B8DF593-84E8-4490-9349-776AF240B2B1}.Hrp-Release|Any CPU.ActiveCfg = Release|Any CPU
		{7B8DF593-84E8-4490-9349-776AF240B2B1}.Hrp-Release|Any CPU.Build.0 = Release|Any CPU
		{7B8DF593-84E8-4490-9349-776AF240B2B1}.Release|Any CPU.ActiveCfg = Release|Any CPU
		{7B8DF593-84E8-4490-9349-776AF240B2B1}.Release|Any CPU.Build.0 = Release|Any CPU
		{E723E42F-8FCE-46A3-9FFE-1E0BF3F6EA19}.Debug|Any CPU.ActiveCfg = Debug|Any CPU
		{E723E42F-8FCE-46A3-9FFE-1E0BF3F6EA19}.Debug|Any CPU.Build.0 = Debug|Any CPU
		{E723E42F-8FCE-46A3-9FFE-1E0BF3F6EA19}.Hrc-Debug|Any CPU.ActiveCfg = Debug|Any CPU
		{E723E42F-8FCE-46A3-9FFE-1E0BF3F6EA19}.Hrc-Debug|Any CPU.Build.0 = Debug|Any CPU
		{E723E42F-8FCE-46A3-9FFE-1E0BF3F6EA19}.Hrc-Release|Any CPU.ActiveCfg = Release|Any CPU
		{E723E42F-8FCE-46A3-9FFE-1E0BF3F6EA19}.Hrc-Release|Any CPU.Build.0 = Release|Any CPU
		{E723E42F-8FCE-46A3-9FFE-1E0BF3F6EA19}.Hrp-Release|Any CPU.ActiveCfg = Release|Any CPU
		{E723E42F-8FCE-46A3-9FFE-1E0BF3F6EA19}.Hrp-Release|Any CPU.Build.0 = Release|Any CPU
		{E723E42F-8FCE-46A3-9FFE-1E0BF3F6EA19}.Release|Any CPU.ActiveCfg = Release|Any CPU
		{E723E42F-8FCE-46A3-9FFE-1E0BF3F6EA19}.Release|Any CPU.Build.0 = Release|Any CPU
		{131D2E01-CB16-44F9-A932-AE2A7DD01EC4}.Debug|Any CPU.ActiveCfg = Debug|Any CPU
		{131D2E01-CB16-44F9-A932-AE2A7DD01EC4}.Debug|Any CPU.Build.0 = Debug|Any CPU
		{131D2E01-CB16-44F9-A932-AE2A7DD01EC4}.Hrc-Debug|Any CPU.ActiveCfg = Debug|Any CPU
		{131D2E01-CB16-44F9-A932-AE2A7DD01EC4}.Hrc-Debug|Any CPU.Build.0 = Debug|Any CPU
		{131D2E01-CB16-44F9-A932-AE2A7DD01EC4}.Hrc-Release|Any CPU.ActiveCfg = Release|Any CPU
		{131D2E01-CB16-44F9-A932-AE2A7DD01EC4}.Hrc-Release|Any CPU.Build.0 = Release|Any CPU
		{131D2E01-CB16-44F9-A932-AE2A7DD01EC4}.Hrp-Release|Any CPU.ActiveCfg = Release|Any CPU
		{131D2E01-CB16-44F9-A932-AE2A7DD01EC4}.Hrp-Release|Any CPU.Build.0 = Release|Any CPU
		{131D2E01-CB16-44F9-A932-AE2A7DD01EC4}.Release|Any CPU.ActiveCfg = Release|Any CPU
		{131D2E01-CB16-44F9-A932-AE2A7DD01EC4}.Release|Any CPU.Build.0 = Release|Any CPU
		{4F61680B-0A2B-445F-A10C-EA719D6E338E}.Debug|Any CPU.ActiveCfg = Debug|Any CPU
		{4F61680B-0A2B-445F-A10C-EA719D6E338E}.Debug|Any CPU.Build.0 = Debug|Any CPU
		{4F61680B-0A2B-445F-A10C-EA719D6E338E}.Hrc-Debug|Any CPU.ActiveCfg = Debug|Any CPU
		{4F61680B-0A2B-445F-A10C-EA719D6E338E}.Hrc-Debug|Any CPU.Build.0 = Debug|Any CPU
		{4F61680B-0A2B-445F-A10C-EA719D6E338E}.Hrc-Release|Any CPU.ActiveCfg = Release|Any CPU
		{4F61680B-0A2B-445F-A10C-EA719D6E338E}.Hrc-Release|Any CPU.Build.0 = Release|Any CPU
		{4F61680B-0A2B-445F-A10C-EA719D6E338E}.Hrp-Release|Any CPU.ActiveCfg = Release|Any CPU
		{4F61680B-0A2B-445F-A10C-EA719D6E338E}.Hrp-Release|Any CPU.Build.0 = Release|Any CPU
		{4F61680B-0A2B-445F-A10C-EA719D6E338E}.Release|Any CPU.ActiveCfg = Release|Any CPU
		{4F61680B-0A2B-445F-A10C-EA719D6E338E}.Release|Any CPU.Build.0 = Release|Any CPU
		{734ED8B6-F2E0-4EEA-AF02-6C81E5F30A4E}.Debug|Any CPU.ActiveCfg = Debug|Any CPU
		{734ED8B6-F2E0-4EEA-AF02-6C81E5F30A4E}.Debug|Any CPU.Build.0 = Debug|Any CPU
		{734ED8B6-F2E0-4EEA-AF02-6C81E5F30A4E}.Hrc-Debug|Any CPU.ActiveCfg = Debug|Any CPU
		{734ED8B6-F2E0-4EEA-AF02-6C81E5F30A4E}.Hrc-Debug|Any CPU.Build.0 = Debug|Any CPU
		{734ED8B6-F2E0-4EEA-AF02-6C81E5F30A4E}.Hrc-Release|Any CPU.ActiveCfg = Release|Any CPU
		{734ED8B6-F2E0-4EEA-AF02-6C81E5F30A4E}.Hrc-Release|Any CPU.Build.0 = Release|Any CPU
		{734ED8B6-F2E0-4EEA-AF02-6C81E5F30A4E}.Hrp-Release|Any CPU.ActiveCfg = Release|Any CPU
		{734ED8B6-F2E0-4EEA-AF02-6C81E5F30A4E}.Hrp-Release|Any CPU.Build.0 = Release|Any CPU
		{734ED8B6-F2E0-4EEA-AF02-6C81E5F30A4E}.Release|Any CPU.ActiveCfg = Release|Any CPU
		{734ED8B6-F2E0-4EEA-AF02-6C81E5F30A4E}.Release|Any CPU.Build.0 = Release|Any CPU
	EndGlobalSection
	GlobalSection(SolutionProperties) = preSolution
		HideSolutionNode = FALSE
	EndGlobalSection
	GlobalSection(NestedProjects) = preSolution
		{808C1F27-1D44-44B5-BDDA-3047AA98052A} = {C16A95C6-845D-4F5A-BB2C-D563A5DC2057}
		{CD1D5895-1B0F-4FD4-9616-11B697953291} = {880EA5FF-B4E0-42F3-8EA4-70D5DFBD9A91}
		{9779D126-3BC9-4225-8BDB-FEEEBDACD7AF} = {C16A95C6-845D-4F5A-BB2C-D563A5DC2057}
		{D49A4623-34FD-43A0-86DB-44104A6225A8} = {880EA5FF-B4E0-42F3-8EA4-70D5DFBD9A91}
		{F89F4E82-CD19-45E6-9D54-5B64DFBCAB66} = {880EA5FF-B4E0-42F3-8EA4-70D5DFBD9A91}
		{90B126D5-0033-4049-AD39-FE4D2F70C55C} = {880EA5FF-B4E0-42F3-8EA4-70D5DFBD9A91}
		{7BE56DA6-993F-4BE3-881B-9D51AA4BC3D8} = {30EFFC4A-919C-47D6-B51E-9272CA6F5EDF}
		{A10B32EE-F64F-42D1-BF80-9F1341C16341} = {B2F1FC2B-AB64-4EA6-A130-753EC8472513}
		{7369654A-D9EF-4A30-9B6C-FC46BA6590B6} = {C16A95C6-845D-4F5A-BB2C-D563A5DC2057}
		{3F476D06-2742-434D-BE0A-3473DDE86AB4} = {880EA5FF-B4E0-42F3-8EA4-70D5DFBD9A91}
		{F688E171-5923-482B-B48C-6270B3192EE4} = {30EFFC4A-919C-47D6-B51E-9272CA6F5EDF}
		{B2F1FC2B-AB64-4EA6-A130-753EC8472513} = {880EA5FF-B4E0-42F3-8EA4-70D5DFBD9A91}
		{7F9A995D-7BDB-4610-B2F5-429046BB877B} = {B2F1FC2B-AB64-4EA6-A130-753EC8472513}
		{F41A52F6-0D9A-48D7-ADAA-7060283CA39A} = {9DFDDCF8-DE0A-421E-A101-C2484E68DCB6}
		{2861DAF5-BB1A-4FBA-A479-707B5C7ECF3E} = {C16A95C6-845D-4F5A-BB2C-D563A5DC2057}
		{B2CD0340-278D-4A16-A7CC-31C54B48B86C} = {880EA5FF-B4E0-42F3-8EA4-70D5DFBD9A91}
		{EFE2F1AD-AE63-42A3-946A-E46F11BEB929} = {880EA5FF-B4E0-42F3-8EA4-70D5DFBD9A91}
		{A7241FE4-1EDC-4A93-B372-A455583AD359} = {EFE2F1AD-AE63-42A3-946A-E46F11BEB929}
		{DFAA57E7-58A7-492C-86F2-288265084D00} = {53A6BCB6-1792-4D49-A868-AD9E1B2497B2}
		{79D38CFD-6078-417D-9CA8-81228910FE64} = {C16A95C6-845D-4F5A-BB2C-D563A5DC2057}
		{53AC302B-4379-478C-B3E6-0CEE733B73BB} = {880EA5FF-B4E0-42F3-8EA4-70D5DFBD9A91}
		{E7598D94-DDBF-4E43-B4C3-911C61D43AAB} = {880EA5FF-B4E0-42F3-8EA4-70D5DFBD9A91}
		{34296536-48A2-4F4A-8AA5-553DF8230DCA} = {9DFDDCF8-DE0A-421E-A101-C2484E68DCB6}
		{45516757-BDC5-4AC6-9AEC-B3ED602BECB3} = {880EA5FF-B4E0-42F3-8EA4-70D5DFBD9A91}
		{B724545B-EC72-470B-85EE-ADBC33D1A2A5} = {C16A95C6-845D-4F5A-BB2C-D563A5DC2057}
		{9C8A44D8-9563-4F84-B5E2-BE353AB46070} = {A2F29448-1617-4377-9A6C-1A435592947B}
		{A7F19643-1FB9-4BE8-8F47-38C4AE77444C} = {A2F29448-1617-4377-9A6C-1A435592947B}
		{C7615D6E-3404-4C78-A040-A7EB9901E7A3} = {51973A48-06F4-4988-AB1F-FFD472333D4C}
		{7B8DF593-84E8-4490-9349-776AF240B2B1} = {51973A48-06F4-4988-AB1F-FFD472333D4C}
		{E723E42F-8FCE-46A3-9FFE-1E0BF3F6EA19} = {51973A48-06F4-4988-AB1F-FFD472333D4C}
		{131D2E01-CB16-44F9-A932-AE2A7DD01EC4} = {51973A48-06F4-4988-AB1F-FFD472333D4C}
		{4F61680B-0A2B-445F-A10C-EA719D6E338E} = {C16A95C6-845D-4F5A-BB2C-D563A5DC2057}
		{734ED8B6-F2E0-4EEA-AF02-6C81E5F30A4E} = {C16A95C6-845D-4F5A-BB2C-D563A5DC2057}
	EndGlobalSection
EndGlobal
