
Microsoft Visual Studio Solution File, Format Version 12.00
# Visual Studio 2012
Project("{FAE04EC0-301F-11D3-BF4B-00C04F79EFBC}") = "EsuCommon", "EsuCommon\EsuCommon.csproj", "{C968E74E-C48D-4DB4-8801-EA612F94B713}"
EndProject
Project("{FAE04EC0-301F-11D3-BF4B-00C04F79EFBC}") = "Supeng.Common", "Supeng.Common\Supeng.Common.csproj", "{808C1F27-1D44-44B5-BDDA-3047AA98052A}"
EndProject
Project("{FAE04EC0-301F-11D3-BF4B-00C04F79EFBC}") = "Supeng.Common.Tests", "Supeng.Common.Tests\Supeng.Common.Tests.csproj", "{CD1D5895-1B0F-4FD4-9616-11B697953291}"
EndProject
Global
	GlobalSection(SolutionConfigurationPlatforms) = preSolution
		Debug|Any CPU = Debug|Any CPU
		Release|Any CPU = Release|Any CPU
	EndGlobalSection
	GlobalSection(ProjectConfigurationPlatforms) = postSolution
		{C968E74E-C48D-4DB4-8801-EA612F94B713}.Debug|Any CPU.ActiveCfg = Debug|Any CPU
		{C968E74E-C48D-4DB4-8801-EA612F94B713}.Debug|Any CPU.Build.0 = Debug|Any CPU
		{C968E74E-C48D-4DB4-8801-EA612F94B713}.Release|Any CPU.ActiveCfg = Release|Any CPU
		{C968E74E-C48D-4DB4-8801-EA612F94B713}.Release|Any CPU.Build.0 = Release|Any CPU
		{808C1F27-1D44-44B5-BDDA-3047AA98052A}.Debug|Any CPU.ActiveCfg = Debug|Any CPU
		{808C1F27-1D44-44B5-BDDA-3047AA98052A}.Debug|Any CPU.Build.0 = Debug|Any CPU
		{808C1F27-1D44-44B5-BDDA-3047AA98052A}.Release|Any CPU.ActiveCfg = Release|Any CPU
		{808C1F27-1D44-44B5-BDDA-3047AA98052A}.Release|Any CPU.Build.0 = Release|Any CPU
		{CD1D5895-1B0F-4FD4-9616-11B697953291}.Debug|Any CPU.ActiveCfg = Debug|Any CPU
		{CD1D5895-1B0F-4FD4-9616-11B697953291}.Debug|Any CPU.Build.0 = Debug|Any CPU
		{CD1D5895-1B0F-4FD4-9616-11B697953291}.Release|Any CPU.ActiveCfg = Release|Any CPU
		{CD1D5895-1B0F-4FD4-9616-11B697953291}.Release|Any CPU.Build.0 = Release|Any CPU
	EndGlobalSection
	GlobalSection(SolutionProperties) = preSolution
		HideSolutionNode = FALSE
	EndGlobalSection
EndGlobal
