
Microsoft Visual Studio Solution File, Format Version 12.00
# Visual Studio 2012
Project("{FAE04EC0-301F-11D3-BF4B-00C04F79EFBC}") = "Supeng.Common", "Supeng.Common\Supeng.Common.csproj", "{808C1F27-1D44-44B5-BDDA-3047AA98052A}"
EndProject
Project("{FAE04EC0-301F-11D3-BF4B-00C04F79EFBC}") = "Supeng.Common.Tests", "Supeng.Common.Tests\Supeng.Common.Tests.csproj", "{CD1D5895-1B0F-4FD4-9616-11B697953291}"
EndProject
Project("{FAE04EC0-301F-11D3-BF4B-00C04F79EFBC}") = "Supeng.Data.Sql", "Supeng.Data.Sql\Supeng.Data.Sql.csproj", "{9779D126-3BC9-4225-8BDB-FEEEBDACD7AF}"
EndProject
Project("{2150E333-8FDC-42A3-9474-1A3956D46DE8}") = "Tests", "Tests", "{880EA5FF-B4E0-42F3-8EA4-70D5DFBD9A91}"
EndProject
Project("{FAE04EC0-301F-11D3-BF4B-00C04F79EFBC}") = "Test.Common", "Test.Common\Test.Common.csproj", "{D49A4623-34FD-43A0-86DB-44104A6225A8}"
EndProject
Project("{FAE04EC0-301F-11D3-BF4B-00C04F79EFBC}") = "Supeng.Data.Sql.Tests", "Supeng.Data.Sql.Tests\Supeng.Data.Sql.Tests.csproj", "{F89F4E82-CD19-45E6-9D54-5B64DFBCAB66}"
EndProject
Project("{FAE04EC0-301F-11D3-BF4B-00C04F79EFBC}") = "TestInWindows", "TestInWindows\TestInWindows.csproj", "{90B126D5-0033-4049-AD39-FE4D2F70C55C}"
EndProject
Project("{FAE04EC0-301F-11D3-BF4B-00C04F79EFBC}") = "Supeng.Sports.Common", "Supeng.Sports.Common\Supeng.Sports.Common.csproj", "{7BE56DA6-993F-4BE3-881B-9D51AA4BC3D8}"
EndProject
Project("{FAE04EC0-301F-11D3-BF4B-00C04F79EFBC}") = "Supeng.Sports.Common.Tests", "Supeng.Sports.Common.Tests\Supeng.Sports.Common.Tests.csproj", "{A10B32EE-F64F-42D1-BF80-9F1341C16341}"
EndProject
Project("{FAE04EC0-301F-11D3-BF4B-00C04F79EFBC}") = "Supeng.Wpf.Common", "Supeng.Wpf.Common\Supeng.Wpf.Common.csproj", "{7369654A-D9EF-4A30-9B6C-FC46BA6590B6}"
EndProject
Project("{FAE04EC0-301F-11D3-BF4B-00C04F79EFBC}") = "Supeng.Wpf.Common.Tests", "Supeng.Wpf.Common.Tests\Supeng.Wpf.Common.Tests.csproj", "{3F476D06-2742-434D-BE0A-3473DDE86AB4}"
EndProject
Project("{FAE04EC0-301F-11D3-BF4B-00C04F79EFBC}") = "Supeng.Sports.Control", "Supeng.Sports.Control\Supeng.Sports.Control.csproj", "{F688E171-5923-482B-B48C-6270B3192EE4}"
EndProject
Project("{2150E333-8FDC-42A3-9474-1A3956D46DE8}") = "Sports", "Sports", "{30EFFC4A-919C-47D6-B51E-9272CA6F5EDF}"
EndProject
Project("{2150E333-8FDC-42A3-9474-1A3956D46DE8}") = "Sports", "Sports", "{B2F1FC2B-AB64-4EA6-A130-753EC8472513}"
EndProject
Project("{FAE04EC0-301F-11D3-BF4B-00C04F79EFBC}") = "Supeng.Sports.Control.Tests", "Supeng.Sports.Control.Tests\Supeng.Sports.Control.Tests.csproj", "{7F9A995D-7BDB-4610-B2F5-429046BB877B}"
EndProject
Project("{2150E333-8FDC-42A3-9474-1A3956D46DE8}") = "Silverlight", "Silverlight", "{9DFDDCF8-DE0A-421E-A101-C2484E68DCB6}"
EndProject
Project("{FAE04EC0-301F-11D3-BF4B-00C04F79EFBC}") = "Supeng.Silverlight.Common", "Supeng.Silverlight.Common\Supeng.Silverlight.Common.csproj", "{F41A52F6-0D9A-48D7-ADAA-7060283CA39A}"
EndProject
Project("{FAE04EC0-301F-11D3-BF4B-00C04F79EFBC}") = "Supeng.Silverlight.ViewModel", "Supeng.Silverlight.ViewModel\Supeng.Silverlight.ViewModel.csproj", "{EC903E3A-7BC4-40D2-8C0F-5031B63BD2EF}"
EndProject
Project("{FAE04EC0-301F-11D3-BF4B-00C04F79EFBC}") = "Supeng.Data", "Supeng.Data\Supeng.Data.csproj", "{2861DAF5-BB1A-4FBA-A479-707B5C7ECF3E}"
EndProject
Project("{FAE04EC0-301F-11D3-BF4B-00C04F79EFBC}") = "Supeng.Data.Tests", "Supeng.Data.Tests\Supeng.Data.Tests.csproj", "{B2CD0340-278D-4A16-A7CC-31C54B48B86C}"
EndProject
Global
	GlobalSection(SolutionConfigurationPlatforms) = preSolution
		Debug|Any CPU = Debug|Any CPU
		Release|Any CPU = Release|Any CPU
	EndGlobalSection
	GlobalSection(ProjectConfigurationPlatforms) = postSolution
		{808C1F27-1D44-44B5-BDDA-3047AA98052A}.Debug|Any CPU.ActiveCfg = Debug|Any CPU
		{808C1F27-1D44-44B5-BDDA-3047AA98052A}.Debug|Any CPU.Build.0 = Debug|Any CPU
		{808C1F27-1D44-44B5-BDDA-3047AA98052A}.Release|Any CPU.ActiveCfg = Release|Any CPU
		{808C1F27-1D44-44B5-BDDA-3047AA98052A}.Release|Any CPU.Build.0 = Release|Any CPU
		{CD1D5895-1B0F-4FD4-9616-11B697953291}.Debug|Any CPU.ActiveCfg = Debug|Any CPU
		{CD1D5895-1B0F-4FD4-9616-11B697953291}.Debug|Any CPU.Build.0 = Debug|Any CPU
		{CD1D5895-1B0F-4FD4-9616-11B697953291}.Release|Any CPU.ActiveCfg = Release|Any CPU
		{CD1D5895-1B0F-4FD4-9616-11B697953291}.Release|Any CPU.Build.0 = Release|Any CPU
		{9779D126-3BC9-4225-8BDB-FEEEBDACD7AF}.Debug|Any CPU.ActiveCfg = Debug|Any CPU
		{9779D126-3BC9-4225-8BDB-FEEEBDACD7AF}.Debug|Any CPU.Build.0 = Debug|Any CPU
		{9779D126-3BC9-4225-8BDB-FEEEBDACD7AF}.Release|Any CPU.ActiveCfg = Release|Any CPU
		{9779D126-3BC9-4225-8BDB-FEEEBDACD7AF}.Release|Any CPU.Build.0 = Release|Any CPU
		{D49A4623-34FD-43A0-86DB-44104A6225A8}.Debug|Any CPU.ActiveCfg = Debug|Any CPU
		{D49A4623-34FD-43A0-86DB-44104A6225A8}.Debug|Any CPU.Build.0 = Debug|Any CPU
		{D49A4623-34FD-43A0-86DB-44104A6225A8}.Release|Any CPU.ActiveCfg = Release|Any CPU
		{D49A4623-34FD-43A0-86DB-44104A6225A8}.Release|Any CPU.Build.0 = Release|Any CPU
		{F89F4E82-CD19-45E6-9D54-5B64DFBCAB66}.Debug|Any CPU.ActiveCfg = Debug|Any CPU
		{F89F4E82-CD19-45E6-9D54-5B64DFBCAB66}.Debug|Any CPU.Build.0 = Debug|Any CPU
		{F89F4E82-CD19-45E6-9D54-5B64DFBCAB66}.Release|Any CPU.ActiveCfg = Release|Any CPU
		{F89F4E82-CD19-45E6-9D54-5B64DFBCAB66}.Release|Any CPU.Build.0 = Release|Any CPU
		{90B126D5-0033-4049-AD39-FE4D2F70C55C}.Debug|Any CPU.ActiveCfg = Debug|Any CPU
		{90B126D5-0033-4049-AD39-FE4D2F70C55C}.Debug|Any CPU.Build.0 = Debug|Any CPU
		{90B126D5-0033-4049-AD39-FE4D2F70C55C}.Release|Any CPU.ActiveCfg = Release|Any CPU
		{90B126D5-0033-4049-AD39-FE4D2F70C55C}.Release|Any CPU.Build.0 = Release|Any CPU
		{7BE56DA6-993F-4BE3-881B-9D51AA4BC3D8}.Debug|Any CPU.ActiveCfg = Debug|Any CPU
		{7BE56DA6-993F-4BE3-881B-9D51AA4BC3D8}.Debug|Any CPU.Build.0 = Debug|Any CPU
		{7BE56DA6-993F-4BE3-881B-9D51AA4BC3D8}.Release|Any CPU.ActiveCfg = Release|Any CPU
		{7BE56DA6-993F-4BE3-881B-9D51AA4BC3D8}.Release|Any CPU.Build.0 = Release|Any CPU
		{A10B32EE-F64F-42D1-BF80-9F1341C16341}.Debug|Any CPU.ActiveCfg = Debug|Any CPU
		{A10B32EE-F64F-42D1-BF80-9F1341C16341}.Debug|Any CPU.Build.0 = Debug|Any CPU
		{A10B32EE-F64F-42D1-BF80-9F1341C16341}.Release|Any CPU.ActiveCfg = Release|Any CPU
		{A10B32EE-F64F-42D1-BF80-9F1341C16341}.Release|Any CPU.Build.0 = Release|Any CPU
		{7369654A-D9EF-4A30-9B6C-FC46BA6590B6}.Debug|Any CPU.ActiveCfg = Debug|Any CPU
		{7369654A-D9EF-4A30-9B6C-FC46BA6590B6}.Debug|Any CPU.Build.0 = Debug|Any CPU
		{7369654A-D9EF-4A30-9B6C-FC46BA6590B6}.Release|Any CPU.ActiveCfg = Release|Any CPU
		{7369654A-D9EF-4A30-9B6C-FC46BA6590B6}.Release|Any CPU.Build.0 = Release|Any CPU
		{3F476D06-2742-434D-BE0A-3473DDE86AB4}.Debug|Any CPU.ActiveCfg = Debug|Any CPU
		{3F476D06-2742-434D-BE0A-3473DDE86AB4}.Debug|Any CPU.Build.0 = Debug|Any CPU
		{3F476D06-2742-434D-BE0A-3473DDE86AB4}.Release|Any CPU.ActiveCfg = Release|Any CPU
		{3F476D06-2742-434D-BE0A-3473DDE86AB4}.Release|Any CPU.Build.0 = Release|Any CPU
		{F688E171-5923-482B-B48C-6270B3192EE4}.Debug|Any CPU.ActiveCfg = Debug|Any CPU
		{F688E171-5923-482B-B48C-6270B3192EE4}.Debug|Any CPU.Build.0 = Debug|Any CPU
		{F688E171-5923-482B-B48C-6270B3192EE4}.Release|Any CPU.ActiveCfg = Release|Any CPU
		{F688E171-5923-482B-B48C-6270B3192EE4}.Release|Any CPU.Build.0 = Release|Any CPU
		{7F9A995D-7BDB-4610-B2F5-429046BB877B}.Debug|Any CPU.ActiveCfg = Debug|Any CPU
		{7F9A995D-7BDB-4610-B2F5-429046BB877B}.Debug|Any CPU.Build.0 = Debug|Any CPU
		{7F9A995D-7BDB-4610-B2F5-429046BB877B}.Release|Any CPU.ActiveCfg = Release|Any CPU
		{7F9A995D-7BDB-4610-B2F5-429046BB877B}.Release|Any CPU.Build.0 = Release|Any CPU
		{F41A52F6-0D9A-48D7-ADAA-7060283CA39A}.Debug|Any CPU.ActiveCfg = Debug|Any CPU
		{F41A52F6-0D9A-48D7-ADAA-7060283CA39A}.Debug|Any CPU.Build.0 = Debug|Any CPU
		{F41A52F6-0D9A-48D7-ADAA-7060283CA39A}.Release|Any CPU.ActiveCfg = Release|Any CPU
		{F41A52F6-0D9A-48D7-ADAA-7060283CA39A}.Release|Any CPU.Build.0 = Release|Any CPU
		{EC903E3A-7BC4-40D2-8C0F-5031B63BD2EF}.Debug|Any CPU.ActiveCfg = Debug|Any CPU
		{EC903E3A-7BC4-40D2-8C0F-5031B63BD2EF}.Debug|Any CPU.Build.0 = Debug|Any CPU
		{EC903E3A-7BC4-40D2-8C0F-5031B63BD2EF}.Release|Any CPU.ActiveCfg = Release|Any CPU
		{EC903E3A-7BC4-40D2-8C0F-5031B63BD2EF}.Release|Any CPU.Build.0 = Release|Any CPU
		{2861DAF5-BB1A-4FBA-A479-707B5C7ECF3E}.Debug|Any CPU.ActiveCfg = Debug|Any CPU
		{2861DAF5-BB1A-4FBA-A479-707B5C7ECF3E}.Debug|Any CPU.Build.0 = Debug|Any CPU
		{2861DAF5-BB1A-4FBA-A479-707B5C7ECF3E}.Release|Any CPU.ActiveCfg = Release|Any CPU
		{2861DAF5-BB1A-4FBA-A479-707B5C7ECF3E}.Release|Any CPU.Build.0 = Release|Any CPU
		{B2CD0340-278D-4A16-A7CC-31C54B48B86C}.Debug|Any CPU.ActiveCfg = Debug|Any CPU
		{B2CD0340-278D-4A16-A7CC-31C54B48B86C}.Debug|Any CPU.Build.0 = Debug|Any CPU
		{B2CD0340-278D-4A16-A7CC-31C54B48B86C}.Release|Any CPU.ActiveCfg = Release|Any CPU
		{B2CD0340-278D-4A16-A7CC-31C54B48B86C}.Release|Any CPU.Build.0 = Release|Any CPU
	EndGlobalSection
	GlobalSection(SolutionProperties) = preSolution
		HideSolutionNode = FALSE
	EndGlobalSection
	GlobalSection(NestedProjects) = preSolution
		{CD1D5895-1B0F-4FD4-9616-11B697953291} = {880EA5FF-B4E0-42F3-8EA4-70D5DFBD9A91}
		{D49A4623-34FD-43A0-86DB-44104A6225A8} = {880EA5FF-B4E0-42F3-8EA4-70D5DFBD9A91}
		{F89F4E82-CD19-45E6-9D54-5B64DFBCAB66} = {880EA5FF-B4E0-42F3-8EA4-70D5DFBD9A91}
		{90B126D5-0033-4049-AD39-FE4D2F70C55C} = {880EA5FF-B4E0-42F3-8EA4-70D5DFBD9A91}
		{B2F1FC2B-AB64-4EA6-A130-753EC8472513} = {880EA5FF-B4E0-42F3-8EA4-70D5DFBD9A91}
		{3F476D06-2742-434D-BE0A-3473DDE86AB4} = {880EA5FF-B4E0-42F3-8EA4-70D5DFBD9A91}
		{B2CD0340-278D-4A16-A7CC-31C54B48B86C} = {880EA5FF-B4E0-42F3-8EA4-70D5DFBD9A91}
		{F688E171-5923-482B-B48C-6270B3192EE4} = {30EFFC4A-919C-47D6-B51E-9272CA6F5EDF}
		{7BE56DA6-993F-4BE3-881B-9D51AA4BC3D8} = {30EFFC4A-919C-47D6-B51E-9272CA6F5EDF}
		{A10B32EE-F64F-42D1-BF80-9F1341C16341} = {B2F1FC2B-AB64-4EA6-A130-753EC8472513}
		{7F9A995D-7BDB-4610-B2F5-429046BB877B} = {B2F1FC2B-AB64-4EA6-A130-753EC8472513}
		{F41A52F6-0D9A-48D7-ADAA-7060283CA39A} = {9DFDDCF8-DE0A-421E-A101-C2484E68DCB6}
		{EC903E3A-7BC4-40D2-8C0F-5031B63BD2EF} = {9DFDDCF8-DE0A-421E-A101-C2484E68DCB6}
	EndGlobalSection
EndGlobal
